<?xml version="1.0" encoding="utf-8"?>
<Project ToolsVersion="4.0" xmlns="http://schemas.microsoft.com/developer/msbuild/2003">
  <ItemGroup>
    <Filter Include="Source Files">
      <UniqueIdentifier>{4FC737F1-C7A5-4376-A066-2A32D752A2FF}</UniqueIdentifier>
      <Extensions>cpp;c;cc;cxx;def;odl;idl;hpj;bat;asm;asmx</Extensions>
    </Filter>
    <Filter Include="Source Files\graphics">
      <UniqueIdentifier>{cc33e1aa-6c40-48be-bf36-210cf88e76c2}</UniqueIdentifier>
    </Filter>
    <Filter Include="Source Files\interface">
      <UniqueIdentifier>{6b3a2987-f676-4a76-8ff3-babbd8716b93}</UniqueIdentifier>
    </Filter>
    <Filter Include="Source Files\net">
      <UniqueIdentifier>{3ae56655-8ce3-48a6-82c9-805c185855ba}</UniqueIdentifier>
    </Filter>
    <Filter Include="Source Files\utilities">
      <UniqueIdentifier>{1a0e7dad-ddfb-47b1-9f33-86ee8512911f}</UniqueIdentifier>
    </Filter>
    <Filter Include="Source Files\resources">
      <UniqueIdentifier>{fb07478b-d8dd-426a-ba00-4014e21d781c}</UniqueIdentifier>
    </Filter>
    <Filter Include="Header Files">
      <UniqueIdentifier>{93995380-89BD-4b04-88EB-625FBE52EBFB}</UniqueIdentifier>
      <Extensions>h;hpp;hxx;hm;inl;inc;xsd</Extensions>
    </Filter>
    <Filter Include="Header Files\graphics">
      <UniqueIdentifier>{8b18e3ff-7586-40d8-8ad0-080fb0a7efa6}</UniqueIdentifier>
    </Filter>
    <Filter Include="Header Files\interface">
      <UniqueIdentifier>{8711809d-33a6-4b99-a078-cc231b3df263}</UniqueIdentifier>
    </Filter>
    <Filter Include="Header Files\net">
      <UniqueIdentifier>{55b8caf6-c821-43df-9269-b60605d4e54f}</UniqueIdentifier>
    </Filter>
    <Filter Include="Header Files\utilities">
      <UniqueIdentifier>{bc34ed2c-7f14-40af-9c82-75f058694eb0}</UniqueIdentifier>
    </Filter>
    <Filter Include="Header Files\resources">
      <UniqueIdentifier>{e69f5086-3be6-4674-b777-0c7499616178}</UniqueIdentifier>
    </Filter>
    <Filter Include="Resource Files">
      <UniqueIdentifier>{67DA6AB6-F800-4c08-8B7A-83BB121AAD01}</UniqueIdentifier>
      <Extensions>rc;ico;cur;bmp;dlg;rc2;rct;bin;rgs;gif;jpg;jpeg;jpe;resx;tiff;tif;png;wav</Extensions>
    </Filter>
  </ItemGroup>
  <ItemGroup>
    <ClCompile Include="..\..\src\being.cpp">
      <Filter>Source Files</Filter>
    </ClCompile>
    <ClCompile Include="..\..\src\beingmanager.cpp">
      <Filter>Source Files</Filter>
    </ClCompile>
    <ClCompile Include="..\..\src\character.cpp">
      <Filter>Source Files</Filter>
    </ClCompile>
    <ClCompile Include="..\..\src\characterstate.cpp">
      <Filter>Source Files</Filter>
    </ClCompile>
    <ClCompile Include="..\..\src\connectstate.cpp">
      <Filter>Source Files</Filter>
    </ClCompile>
    <ClCompile Include="..\..\src\game.cpp">
      <Filter>Source Files</Filter>
    </ClCompile>
    <ClCompile Include="..\..\src\input.cpp">
      <Filter>Source Files</Filter>
    </ClCompile>
    <ClCompile Include="..\..\src\irc\ircmessage.cpp">
      <Filter>Source Files</Filter>
    </ClCompile>
    <ClCompile Include="..\..\src\irc\ircserver.cpp">
      <Filter>Source Files</Filter>
    </ClCompile>
    <ClCompile Include="..\..\src\loginstate.cpp">
      <Filter>Source Files</Filter>
    </ClCompile>
    <ClCompile Include="..\..\src\main.cpp">
      <Filter>Source Files</Filter>
    </ClCompile>
    <ClCompile Include="..\..\src\map.cpp">
      <Filter>Source Files</Filter>
    </ClCompile>
    <ClCompile Include="..\..\src\player.cpp">
      <Filter>Source Files</Filter>
    </ClCompile>
    <ClCompile Include="..\..\src\resourcemanager.cpp">
      <Filter>Source Files</Filter>
    </ClCompile>
    <ClCompile Include="..\..\src\teststate.cpp">
      <Filter>Source Files</Filter>
    </ClCompile>
    <ClCompile Include="..\..\src\tile.cpp">
      <Filter>Source Files</Filter>
    </ClCompile>
    <ClCompile Include="..\..\src\updatestate.cpp">
      <Filter>Source Files</Filter>
    </ClCompile>
    <ClCompile Include="..\..\src\graphics\animation.cpp">
      <Filter>Source Files\graphics</Filter>
    </ClCompile>
    <ClCompile Include="..\..\src\graphics\camera.cpp">
      <Filter>Source Files\graphics</Filter>
    </ClCompile>
    <ClCompile Include="..\..\src\graphics\graphics.cpp">
      <Filter>Source Files\graphics</Filter>
    </ClCompile>
    <ClCompile Include="..\..\src\graphics\node.cpp">
      <Filter>Source Files\graphics</Filter>
    </ClCompile>
    <ClCompile Include="..\..\src\graphics\opengl.cpp">
      <Filter>Source Files\graphics</Filter>
    </ClCompile>
    <ClCompile Include="..\..\src\graphics\sdl2d.cpp">
      <Filter>Source Files\graphics</Filter>
    </ClCompile>
    <ClCompile Include="..\..\src\graphics\texture.cpp">
      <Filter>Source Files\graphics</Filter>
    </ClCompile>
    <ClCompile Include="..\..\src\interface\interfacemanager.cpp">
      <Filter>Source Files\interface</Filter>
    </ClCompile>
    <ClCompile Include="..\..\src\net\client.cpp">
      <Filter>Source Files\net</Filter>
    </ClCompile>
    <ClCompile Include="..\..\src\net\host.cpp">
      <Filter>Source Files\net</Filter>
    </ClCompile>
    <ClCompile Include="..\..\src\net\networkmanager.cpp">
      <Filter>Source Files\net</Filter>
    </ClCompile>
    <ClCompile Include="..\..\src\net\packet.cpp">
      <Filter>Source Files\net</Filter>
    </ClCompile>
    <ClCompile Include="..\..\src\utilities\base64.cpp">
      <Filter>Source Files\utilities</Filter>
    </ClCompile>
    <ClCompile Include="..\..\src\utilities\gzip.cpp">
      <Filter>Source Files\utilities</Filter>
    </ClCompile>
    <ClCompile Include="..\..\src\utilities\log.cpp">
      <Filter>Source Files\utilities</Filter>
    </ClCompile>
    <ClCompile Include="..\..\src\utilities\math.cpp">
      <Filter>Source Files\utilities</Filter>
    </ClCompile>
    <ClCompile Include="..\..\src\utilities\xml.cpp">
      <Filter>Source Files\utilities</Filter>
    </ClCompile>
    <ClCompile Include="..\..\src\resources\bodypart.cpp">
      <Filter>Source Files\resources</Filter>
    </ClCompile>
    <ClCompile Include="..\..\libs\cppirclib\cppirclib.cpp">
      <Filter>Source Files</Filter>
    </ClCompile>
    <ClCompile Include="..\..\libs\cppirclib\ircparser.cpp">
      <Filter>Source Files</Filter>
    </ClCompile>
    <ClCompile Include="..\..\src\loadstate.cpp">
      <Filter>Source Files</Filter>
    </ClCompile>
    <ClCompile Include="..\..\src\optionsstate.cpp">
      <Filter>Source Files</Filter>
    </ClCompile>
    <ClCompile Include="..\..\src\utilities\crypt.cpp">
      <Filter>Source Files\utilities</Filter>
    </ClCompile>
  </ItemGroup>
  <ItemGroup>
    <ClInclude Include="..\..\src\being.h">
      <Filter>Header Files</Filter>
    </ClInclude>
    <ClInclude Include="..\..\src\beingmanager.h">
      <Filter>Header Files</Filter>
    </ClInclude>
    <ClInclude Include="..\..\src\character.h">
      <Filter>Header Files</Filter>
    </ClInclude>
    <ClInclude Include="..\..\src\characterstate.h">
      <Filter>Header Files</Filter>
    </ClInclude>
    <ClInclude Include="..\..\src\connectstate.h">
      <Filter>Header Files</Filter>
    </ClInclude>
    <ClInclude Include="..\..\src\game.h">
      <Filter>Header Files</Filter>
    </ClInclude>
    <ClInclude Include="..\..\src\gamestate.h">
      <Filter>Header Files</Filter>
    </ClInclude>
    <ClInclude Include="..\..\src\input.h">
      <Filter>Header Files</Filter>
    </ClInclude>
    <ClInclude Include="..\..\src\irc\ircmessage.h">
      <Filter>Header Files</Filter>
    </ClInclude>
    <ClInclude Include="..\..\src\irc\ircserver.h">
      <Filter>Header Files</Filter>
    </ClInclude>
    <ClInclude Include="..\..\src\loginstate.h">
      <Filter>Header Files</Filter>
    </ClInclude>
    <ClInclude Include="..\..\src\map.h">
      <Filter>Header Files</Filter>
    </ClInclude>
    <ClInclude Include="..\..\src\player.h">
      <Filter>Header Files</Filter>
    </ClInclude>
    <ClInclude Include="..\..\src\registerstate.h">
      <Filter>Header Files</Filter>
    </ClInclude>
    <ClInclude Include="..\..\src\resourcemanager.h">
      <Filter>Header Files</Filter>
    </ClInclude>
    <ClInclude Include="..\..\src\teststate.h">
      <Filter>Header Files</Filter>
    </ClInclude>
    <ClInclude Include="..\..\src\tile.h">
      <Filter>Header Files</Filter>
    </ClInclude>
    <ClInclude Include="..\..\src\updatestate.h">
      <Filter>Header Files</Filter>
    </ClInclude>
    <ClInclude Include="..\..\src\graphics\animation.h">
      <Filter>Header Files\graphics</Filter>
    </ClInclude>
    <ClInclude Include="..\..\src\graphics\camera.h">
      <Filter>Header Files\graphics</Filter>
    </ClInclude>
    <ClInclude Include="..\..\src\graphics\entity.h">
      <Filter>Header Files\graphics</Filter>
    </ClInclude>
    <ClInclude Include="..\..\src\graphics\graphics.h">
      <Filter>Header Files\graphics</Filter>
    </ClInclude>
    <ClInclude Include="..\..\src\graphics\node.h">
      <Filter>Header Files\graphics</Filter>
    </ClInclude>
    <ClInclude Include="..\..\src\graphics\opengl.h">
      <Filter>Header Files\graphics</Filter>
    </ClInclude>
    <ClInclude Include="..\..\src\graphics\sdl2d.h">
      <Filter>Header Files\graphics</Filter>
    </ClInclude>
    <ClInclude Include="..\..\src\graphics\texture.h">
      <Filter>Header Files\graphics</Filter>
    </ClInclude>
    <ClInclude Include="..\..\src\interface\interfacemanager.h">
      <Filter>Header Files\interface</Filter>
    </ClInclude>
    <ClInclude Include="..\..\src\net\client.h">
      <Filter>Header Files\net</Filter>
    </ClInclude>
    <ClInclude Include="..\..\src\net\host.h">
      <Filter>Header Files\net</Filter>
    </ClInclude>
    <ClInclude Include="..\..\src\net\networkmanager.h">
      <Filter>Header Files\net</Filter>
    </ClInclude>
    <ClInclude Include="..\..\src\net\packet.h">
      <Filter>Header Files\net</Filter>
    </ClInclude>
    <ClInclude Include="..\..\src\net\protocol.h">
      <Filter>Header Files\net</Filter>
    </ClInclude>
    <ClInclude Include="..\..\src\utilities\base64.h">
      <Filter>Header Files\utilities</Filter>
    </ClInclude>
    <ClInclude Include="..\..\src\utilities\gzip.h">
      <Filter>Header Files\utilities</Filter>
    </ClInclude>
    <ClInclude Include="..\..\src\utilities\log.h">
      <Filter>Header Files\utilities</Filter>
    </ClInclude>
    <ClInclude Include="..\..\src\utilities\types.h">
      <Filter>Header Files\utilities</Filter>
    </ClInclude>
    <ClInclude Include="..\..\src\utilities\xml.h">
      <Filter>Header Files\utilities</Filter>
    </ClInclude>
    <ClInclude Include="..\..\src\resources\bodypart.h">
      <Filter>Header Files\resources</Filter>
    </ClInclude>
    <ClInclude Include="..\..\src\optionsstate.h">
      <Filter>Header Files</Filter>
    </ClInclude>
    <ClInclude Include="..\..\src\utilities\crypt.h">
      <Filter>Header Files\utilities</Filter>
    </ClInclude>
  </ItemGroup>
  <ItemGroup>
    <CustomBuildStep Include="..\..\src\utilities\math.h">
      <Filter>Header Files\utilities</Filter>
    </CustomBuildStep>
  </ItemGroup>
</Project>